
Microsoft Visual Studio Solution File, Format Version 12.00
# Visual Studio Version 16
VisualStudioVersion = 16.0.30330.147
MinimumVisualStudioVersion = 10.0.40219.1
Project("{9A19103F-16F7-4668-BE54-9A1E7A4F7556}") = "Site.Domain", "..\..\..\..\Shared\Domain\Site.Domain\Site.Domain.csproj", "{AE258B1A-E11B-4737-8E0D-9D5EB180E235}"
EndProject
Project("{9A19103F-16F7-4668-BE54-9A1E7A4F7556}") = "Site.Application", "..\..\..\..\Shared\Application\Site.Application\Site.Application.csproj", "{30627F90-90EF-47BC-A44B-6FCB7062FA61}"
EndProject
Project("{9A19103F-16F7-4668-BE54-9A1E7A4F7556}") = "Site.Infrastructure", "..\..\..\..\Shared\Infrastructure\Site.Infrastructure\Site.Infrastructure.csproj", "{DD202CE8-9A98-43E2-ACED-60192B4C4ED9}"
EndProject
Project("{9A19103F-16F7-4668-BE54-9A1E7A4F7556}") = "Site.Persistance", "..\..\..\..\Shared\Persistance\Site.Persistance\Site.Persistance.csproj", "{6E481310-9971-4B63-9873-B7F9E8223FAB}"
EndProject
Project("{FAE04EC0-301F-11D3-BF4B-00C04F79EFBC}") = "Site.Worker", "Site.Worker\Site.Worker.csproj", "{93C945DA-7DD3-42F0-A20E-932B4F96992C}"
EndProject
Global
	GlobalSection(SolutionConfigurationPlatforms) = preSolution
		Debug|Any CPU = Debug|Any CPU
		Release|Any CPU = Release|Any CPU
	EndGlobalSection
	GlobalSection(ProjectConfigurationPlatforms) = postSolution
		{AE258B1A-E11B-4737-8E0D-9D5EB180E235}.Debug|Any CPU.ActiveCfg = Debug|Any CPU
		{AE258B1A-E11B-4737-8E0D-9D5EB180E235}.Debug|Any CPU.Build.0 = Debug|Any CPU
		{AE258B1A-E11B-4737-8E0D-9D5EB180E235}.Release|Any CPU.ActiveCfg = Release|Any CPU
		{AE258B1A-E11B-4737-8E0D-9D5EB180E235}.Release|Any CPU.Build.0 = Release|Any CPU
		{30627F90-90EF-47BC-A44B-6FCB7062FA61}.Debug|Any CPU.ActiveCfg = Debug|Any CPU
		{30627F90-90EF-47BC-A44B-6FCB7062FA61}.Debug|Any CPU.Build.0 = Debug|Any CPU
		{30627F90-90EF-47BC-A44B-6FCB7062FA61}.Release|Any CPU.ActiveCfg = Release|Any CPU
		{30627F90-90EF-47BC-A44B-6FCB7062FA61}.Release|Any CPU.Build.0 = Release|Any CPU
		{DD202CE8-9A98-43E2-ACED-60192B4C4ED9}.Debug|Any CPU.ActiveCfg = Debug|Any CPU
		{DD202CE8-9A98-43E2-ACED-60192B4C4ED9}.Debug|Any CPU.Build.0 = Debug|Any CPU
		{DD202CE8-9A98-43E2-ACED-60192B4C4ED9}.Release|Any CPU.ActiveCfg = Release|Any CPU
		{DD202CE8-9A98-43E2-ACED-60192B4C4ED9}.Release|Any CPU.Build.0 = Release|Any CPU
		{6E481310-9971-4B63-9873-B7F9E8223FAB}.Debug|Any CPU.ActiveCfg = Debug|Any CPU
		{6E481310-9971-4B63-9873-B7F9E8223FAB}.Debug|Any CPU.Build.0 = Debug|Any CPU
		{6E481310-9971-4B63-9873-B7F9E8223FAB}.Release|Any CPU.ActiveCfg = Release|Any CPU
		{6E481310-9971-4B63-9873-B7F9E8223FAB}.Release|Any CPU.Build.0 = Release|Any CPU
		{93C945DA-7DD3-42F0-A20E-932B4F96992C}.Debug|Any CPU.ActiveCfg = Debug|Any CPU
		{93C945DA-7DD3-42F0-A20E-932B4F96992C}.Debug|Any CPU.Build.0 = Debug|Any CPU
		{93C945DA-7DD3-42F0-A20E-932B4F96992C}.Release|Any CPU.ActiveCfg = Release|Any CPU
		{93C945DA-7DD3-42F0-A20E-932B4F96992C}.Release|Any CPU.Build.0 = Release|Any CPU
	EndGlobalSection
	GlobalSection(SolutionProperties) = preSolution
		HideSolutionNode = FALSE
	EndGlobalSection
	GlobalSection(ExtensibilityGlobals) = postSolution
		SolutionGuid = {CCBD61AF-2679-4245-85B1-BBA6450AF169}
	EndGlobalSection
EndGlobal
