
Microsoft Visual Studio Solution File, Format Version 12.00
# Visual Studio Version 16
VisualStudioVersion = 16.0.30330.147
MinimumVisualStudioVersion = 10.0.40219.1
Project("{9A19103F-16F7-4668-BE54-9A1E7A4F7556}") = "Scheduler", "Scheduler\Scheduler.csproj", "{9A35DB26-5568-4EE7-8FFA-E681070935AB}"
EndProject
Project("{9A19103F-16F7-4668-BE54-9A1E7A4F7556}") = "Site.Infrastructure", "..\..\..\..\Shared\Infrastructure\Site.Infrastructure\Site.Infrastructure.csproj", "{C0F68842-CC41-470F-A5A8-DFDFA8160A96}"
EndProject
Project("{9A19103F-16F7-4668-BE54-9A1E7A4F7556}") = "Site.Domain", "..\..\..\..\Shared\Domain\Site.Domain\Site.Domain.csproj", "{912F2478-8BAC-4F06-A655-B753839E3C1A}"
EndProject
Project("{9A19103F-16F7-4668-BE54-9A1E7A4F7556}") = "Site.Application", "..\..\..\..\Shared\Application\Site.Application\Site.Application.csproj", "{B2D03291-C750-42E4-A10B-3A8E2505952B}"
EndProject
Project("{9A19103F-16F7-4668-BE54-9A1E7A4F7556}") = "Site.Persistance", "..\..\..\..\Shared\Persistance\Site.Persistance\Site.Persistance.csproj", "{9FF02B87-7D1A-4848-8087-B331BA2B65CA}"
EndProject
Project("{2150E333-8FDC-42A3-9474-1A3956D46DE8}") = "Tests", "Tests", "{0D7E2EC2-5186-4E26-B5E1-34B230AB0049}"
EndProject
Project("{9A19103F-16F7-4668-BE54-9A1E7A4F7556}") = "Site.Application.Tests", "..\..\..\..\Shared\Application\Site.Application.Tests\Site.Application.Tests.csproj", "{9DAE2F95-D04C-40FC-8899-49794320A2E4}"
EndProject
Project("{9A19103F-16F7-4668-BE54-9A1E7A4F7556}") = "Site.Domain.Tests", "..\..\..\..\Shared\Domain\Domain.Tests\Site.Domain.Tests.csproj", "{4DC19140-5DE9-46F3-868F-7854A9551199}"
EndProject
Project("{9A19103F-16F7-4668-BE54-9A1E7A4F7556}") = "Site.Infrastructure.Tests", "..\..\..\..\Shared\Infrastructure\Site.Infrastructure.Tests\Site.Infrastructure.Tests.csproj", "{9050A8F8-14F0-419B-8DFD-AD6E8E44B791}"
EndProject
Global
	GlobalSection(SolutionConfigurationPlatforms) = preSolution
		Debug|Any CPU = Debug|Any CPU
		Release|Any CPU = Release|Any CPU
	EndGlobalSection
	GlobalSection(ProjectConfigurationPlatforms) = postSolution
		{9A35DB26-5568-4EE7-8FFA-E681070935AB}.Debug|Any CPU.ActiveCfg = Debug|Any CPU
		{9A35DB26-5568-4EE7-8FFA-E681070935AB}.Debug|Any CPU.Build.0 = Debug|Any CPU
		{9A35DB26-5568-4EE7-8FFA-E681070935AB}.Release|Any CPU.ActiveCfg = Release|Any CPU
		{9A35DB26-5568-4EE7-8FFA-E681070935AB}.Release|Any CPU.Build.0 = Release|Any CPU
		{C0F68842-CC41-470F-A5A8-DFDFA8160A96}.Debug|Any CPU.ActiveCfg = Debug|Any CPU
		{C0F68842-CC41-470F-A5A8-DFDFA8160A96}.Debug|Any CPU.Build.0 = Debug|Any CPU
		{C0F68842-CC41-470F-A5A8-DFDFA8160A96}.Release|Any CPU.ActiveCfg = Release|Any CPU
		{C0F68842-CC41-470F-A5A8-DFDFA8160A96}.Release|Any CPU.Build.0 = Release|Any CPU
		{912F2478-8BAC-4F06-A655-B753839E3C1A}.Debug|Any CPU.ActiveCfg = Debug|Any CPU
		{912F2478-8BAC-4F06-A655-B753839E3C1A}.Debug|Any CPU.Build.0 = Debug|Any CPU
		{912F2478-8BAC-4F06-A655-B753839E3C1A}.Release|Any CPU.ActiveCfg = Release|Any CPU
		{912F2478-8BAC-4F06-A655-B753839E3C1A}.Release|Any CPU.Build.0 = Release|Any CPU
		{B2D03291-C750-42E4-A10B-3A8E2505952B}.Debug|Any CPU.ActiveCfg = Debug|Any CPU
		{B2D03291-C750-42E4-A10B-3A8E2505952B}.Debug|Any CPU.Build.0 = Debug|Any CPU
		{B2D03291-C750-42E4-A10B-3A8E2505952B}.Release|Any CPU.ActiveCfg = Release|Any CPU
		{B2D03291-C750-42E4-A10B-3A8E2505952B}.Release|Any CPU.Build.0 = Release|Any CPU
		{9FF02B87-7D1A-4848-8087-B331BA2B65CA}.Debug|Any CPU.ActiveCfg = Debug|Any CPU
		{9FF02B87-7D1A-4848-8087-B331BA2B65CA}.Debug|Any CPU.Build.0 = Debug|Any CPU
		{9FF02B87-7D1A-4848-8087-B331BA2B65CA}.Release|Any CPU.ActiveCfg = Release|Any CPU
		{9FF02B87-7D1A-4848-8087-B331BA2B65CA}.Release|Any CPU.Build.0 = Release|Any CPU
		{9DAE2F95-D04C-40FC-8899-49794320A2E4}.Debug|Any CPU.ActiveCfg = Debug|Any CPU
		{9DAE2F95-D04C-40FC-8899-49794320A2E4}.Debug|Any CPU.Build.0 = Debug|Any CPU
		{9DAE2F95-D04C-40FC-8899-49794320A2E4}.Release|Any CPU.ActiveCfg = Release|Any CPU
		{9DAE2F95-D04C-40FC-8899-49794320A2E4}.Release|Any CPU.Build.0 = Release|Any CPU
		{4DC19140-5DE9-46F3-868F-7854A9551199}.Debug|Any CPU.ActiveCfg = Debug|Any CPU
		{4DC19140-5DE9-46F3-868F-7854A9551199}.Debug|Any CPU.Build.0 = Debug|Any CPU
		{4DC19140-5DE9-46F3-868F-7854A9551199}.Release|Any CPU.ActiveCfg = Release|Any CPU
		{4DC19140-5DE9-46F3-868F-7854A9551199}.Release|Any CPU.Build.0 = Release|Any CPU
		{9050A8F8-14F0-419B-8DFD-AD6E8E44B791}.Debug|Any CPU.ActiveCfg = Debug|Any CPU
		{9050A8F8-14F0-419B-8DFD-AD6E8E44B791}.Debug|Any CPU.Build.0 = Debug|Any CPU
		{9050A8F8-14F0-419B-8DFD-AD6E8E44B791}.Release|Any CPU.ActiveCfg = Release|Any CPU
		{9050A8F8-14F0-419B-8DFD-AD6E8E44B791}.Release|Any CPU.Build.0 = Release|Any CPU
	EndGlobalSection
	GlobalSection(SolutionProperties) = preSolution
		HideSolutionNode = FALSE
	EndGlobalSection
	GlobalSection(NestedProjects) = preSolution
		{9DAE2F95-D04C-40FC-8899-49794320A2E4} = {0D7E2EC2-5186-4E26-B5E1-34B230AB0049}
		{4DC19140-5DE9-46F3-868F-7854A9551199} = {0D7E2EC2-5186-4E26-B5E1-34B230AB0049}
		{9050A8F8-14F0-419B-8DFD-AD6E8E44B791} = {0D7E2EC2-5186-4E26-B5E1-34B230AB0049}
	EndGlobalSection
	GlobalSection(ExtensibilityGlobals) = postSolution
		SolutionGuid = {81CFC001-FEA3-439D-BEB8-D38A2D543B9E}
	EndGlobalSection
EndGlobal
