
Microsoft Visual Studio Solution File, Format Version 12.00
# Visual Studio Version 16
VisualStudioVersion = 16.0.29403.142
MinimumVisualStudioVersion = 10.0.40219.1
Project("{9A19103F-16F7-4668-BE54-9A1E7A4F7556}") = "Personal-Site-API", "Personal-Site-API\Personal-Site-API.csproj", "{39421230-5073-4CB4-9B92-695E028A9345}"
EndProject
Project("{2150E333-8FDC-42A3-9474-1A3956D46DE8}") = "Core", "Core", "{DCF9A593-37B3-41EC-859E-28ABFB650C3B}"
EndProject
Project("{2150E333-8FDC-42A3-9474-1A3956D46DE8}") = "Cloud", "Cloud", "{C81E9A8A-656D-4AFC-AC58-5D23E6A6A5AB}"
EndProject
Project("{2150E333-8FDC-42A3-9474-1A3956D46DE8}") = "Persistance", "Persistance", "{F65FE8A0-2467-4E0C-ABFF-65F598803BC7}"
EndProject
Project("{2150E333-8FDC-42A3-9474-1A3956D46DE8}") = "Infrastructure", "Infrastructure", "{BCC578A6-D5E4-474E-880A-7A831353D780}"
EndProject
Project("{2150E333-8FDC-42A3-9474-1A3956D46DE8}") = "API", "API", "{E480701B-B47E-4E24-B036-15E8A24684E8}"
EndProject
Project("{9A19103F-16F7-4668-BE54-9A1E7A4F7556}") = "Site.Application", "..\..\Shared\Site.Application\Site.Application.csproj", "{42D33CD8-C554-4335-9399-C8295AA81FCD}"
EndProject
Project("{9A19103F-16F7-4668-BE54-9A1E7A4F7556}") = "Site.Infrastructure", "..\..\Shared\Site.Infrastructure\Site.Infrastructure.csproj", "{7DFF6D1C-364D-4661-9937-24BFFF7484AF}"
EndProject
Project("{9A19103F-16F7-4668-BE54-9A1E7A4F7556}") = "Site.Persistance", "..\..\Shared\Site.Persistance\Site.Persistance.csproj", "{90601DB9-E7DE-424D-BF81-29EA2FC7A41C}"
EndProject
Project("{9A19103F-16F7-4668-BE54-9A1E7A4F7556}") = "Site.Infrastructure.Tests", "..\..\Shared\Site.Infrastructure.Tests\Site.Infrastructure.Tests.csproj", "{F34348C7-958B-42A8-B1E4-25B9B5AC69ED}"
EndProject
Project("{9A19103F-16F7-4668-BE54-9A1E7A4F7556}") = "Site.Application.Tests", "..\..\Shared\Site.Application.Tests\Site.Application.Tests.csproj", "{A22AF2C5-DD60-4FF8-981D-57279AD2A567}"
EndProject
Project("{9A19103F-16F7-4668-BE54-9A1E7A4F7556}") = "Site.Worker", "..\..\Cloud\Site.Worker\Site.Worker.csproj", "{C2BACC05-E8F8-4F47-A399-E2166E726652}"
EndProject
Project("{9A19103F-16F7-4668-BE54-9A1E7A4F7556}") = "Site.Domain", "..\..\Shared\Site.Domain\Site.Domain.csproj", "{3817A38D-B72F-4E2B-9FAF-DF5B8F66B3A9}"
EndProject
Global
	GlobalSection(SolutionConfigurationPlatforms) = preSolution
		Debug|Any CPU = Debug|Any CPU
		Release|Any CPU = Release|Any CPU
	EndGlobalSection
	GlobalSection(ProjectConfigurationPlatforms) = postSolution
		{39421230-5073-4CB4-9B92-695E028A9345}.Debug|Any CPU.ActiveCfg = Debug|Any CPU
		{39421230-5073-4CB4-9B92-695E028A9345}.Debug|Any CPU.Build.0 = Debug|Any CPU
		{39421230-5073-4CB4-9B92-695E028A9345}.Release|Any CPU.ActiveCfg = Release|Any CPU
		{39421230-5073-4CB4-9B92-695E028A9345}.Release|Any CPU.Build.0 = Release|Any CPU
		{42D33CD8-C554-4335-9399-C8295AA81FCD}.Debug|Any CPU.ActiveCfg = Debug|Any CPU
		{42D33CD8-C554-4335-9399-C8295AA81FCD}.Debug|Any CPU.Build.0 = Debug|Any CPU
		{42D33CD8-C554-4335-9399-C8295AA81FCD}.Release|Any CPU.ActiveCfg = Release|Any CPU
		{42D33CD8-C554-4335-9399-C8295AA81FCD}.Release|Any CPU.Build.0 = Release|Any CPU
		{7DFF6D1C-364D-4661-9937-24BFFF7484AF}.Debug|Any CPU.ActiveCfg = Debug|Any CPU
		{7DFF6D1C-364D-4661-9937-24BFFF7484AF}.Debug|Any CPU.Build.0 = Debug|Any CPU
		{7DFF6D1C-364D-4661-9937-24BFFF7484AF}.Release|Any CPU.ActiveCfg = Release|Any CPU
		{7DFF6D1C-364D-4661-9937-24BFFF7484AF}.Release|Any CPU.Build.0 = Release|Any CPU
		{90601DB9-E7DE-424D-BF81-29EA2FC7A41C}.Debug|Any CPU.ActiveCfg = Debug|Any CPU
		{90601DB9-E7DE-424D-BF81-29EA2FC7A41C}.Debug|Any CPU.Build.0 = Debug|Any CPU
		{90601DB9-E7DE-424D-BF81-29EA2FC7A41C}.Release|Any CPU.ActiveCfg = Release|Any CPU
		{90601DB9-E7DE-424D-BF81-29EA2FC7A41C}.Release|Any CPU.Build.0 = Release|Any CPU
		{F34348C7-958B-42A8-B1E4-25B9B5AC69ED}.Debug|Any CPU.ActiveCfg = Debug|Any CPU
		{F34348C7-958B-42A8-B1E4-25B9B5AC69ED}.Debug|Any CPU.Build.0 = Debug|Any CPU
		{F34348C7-958B-42A8-B1E4-25B9B5AC69ED}.Release|Any CPU.ActiveCfg = Release|Any CPU
		{F34348C7-958B-42A8-B1E4-25B9B5AC69ED}.Release|Any CPU.Build.0 = Release|Any CPU
		{A22AF2C5-DD60-4FF8-981D-57279AD2A567}.Debug|Any CPU.ActiveCfg = Debug|Any CPU
		{A22AF2C5-DD60-4FF8-981D-57279AD2A567}.Debug|Any CPU.Build.0 = Debug|Any CPU
		{A22AF2C5-DD60-4FF8-981D-57279AD2A567}.Release|Any CPU.ActiveCfg = Release|Any CPU
		{A22AF2C5-DD60-4FF8-981D-57279AD2A567}.Release|Any CPU.Build.0 = Release|Any CPU
		{C2BACC05-E8F8-4F47-A399-E2166E726652}.Debug|Any CPU.ActiveCfg = Debug|Any CPU
		{C2BACC05-E8F8-4F47-A399-E2166E726652}.Debug|Any CPU.Build.0 = Debug|Any CPU
		{C2BACC05-E8F8-4F47-A399-E2166E726652}.Release|Any CPU.ActiveCfg = Release|Any CPU
		{C2BACC05-E8F8-4F47-A399-E2166E726652}.Release|Any CPU.Build.0 = Release|Any CPU
		{3817A38D-B72F-4E2B-9FAF-DF5B8F66B3A9}.Debug|Any CPU.ActiveCfg = Debug|Any CPU
		{3817A38D-B72F-4E2B-9FAF-DF5B8F66B3A9}.Debug|Any CPU.Build.0 = Debug|Any CPU
		{3817A38D-B72F-4E2B-9FAF-DF5B8F66B3A9}.Release|Any CPU.ActiveCfg = Release|Any CPU
		{3817A38D-B72F-4E2B-9FAF-DF5B8F66B3A9}.Release|Any CPU.Build.0 = Release|Any CPU
	EndGlobalSection
	GlobalSection(SolutionProperties) = preSolution
		HideSolutionNode = FALSE
	EndGlobalSection
	GlobalSection(NestedProjects) = preSolution
		{39421230-5073-4CB4-9B92-695E028A9345} = {E480701B-B47E-4E24-B036-15E8A24684E8}
		{42D33CD8-C554-4335-9399-C8295AA81FCD} = {DCF9A593-37B3-41EC-859E-28ABFB650C3B}
		{7DFF6D1C-364D-4661-9937-24BFFF7484AF} = {BCC578A6-D5E4-474E-880A-7A831353D780}
		{90601DB9-E7DE-424D-BF81-29EA2FC7A41C} = {F65FE8A0-2467-4E0C-ABFF-65F598803BC7}
		{F34348C7-958B-42A8-B1E4-25B9B5AC69ED} = {BCC578A6-D5E4-474E-880A-7A831353D780}
		{A22AF2C5-DD60-4FF8-981D-57279AD2A567} = {DCF9A593-37B3-41EC-859E-28ABFB650C3B}
		{C2BACC05-E8F8-4F47-A399-E2166E726652} = {C81E9A8A-656D-4AFC-AC58-5D23E6A6A5AB}
		{3817A38D-B72F-4E2B-9FAF-DF5B8F66B3A9} = {DCF9A593-37B3-41EC-859E-28ABFB650C3B}
	EndGlobalSection
	GlobalSection(ExtensibilityGlobals) = postSolution
		SolutionGuid = {7A1D2ABE-1BE5-4963-ABF8-2B076D09C852}
	EndGlobalSection
EndGlobal
